
Microsoft Visual Studio Solution File, Format Version 12.00
# Visual Studio Version 17
VisualStudioVersion = 17.0.31903.59
MinimumVisualStudioVersion = 10.0.40219.1
Project("{FAE04EC0-301F-11D3-BF4B-00C04F79EFBC}") = "Auth.API", "Auth.API\Auth.API.csproj", "{BC161DF4-E9CE-4FAA-A637-540A77C39457}"
EndProject
Project("{FAE04EC0-301F-11D3-BF4B-00C04F79EFBC}") = "Auth.Application", "Auth.Application\Auth.Application.csproj", "{8F6A0F83-BE50-4C78-94C2-C542A8BF56C4}"
EndProject
Project("{FAE04EC0-301F-11D3-BF4B-00C04F79EFBC}") = "Auth.Domain", "Auth.Domain\Auth.Domain.csproj", "{B5EA4F69-0314-4671-953A-19329B50C9AF}"
EndProject
Project("{FAE04EC0-301F-11D3-BF4B-00C04F79EFBC}") = "Auth.Infrastructure", "Auth.Infrastructure\Auth.Infrastructure.csproj", "{4B5221D6-6D86-454E-9C94-722C881B53D9}"
EndProject
Global
	GlobalSection(SolutionConfigurationPlatforms) = preSolution
		Debug|Any CPU = Debug|Any CPU
		Debug|x64 = Debug|x64
		Debug|x86 = Debug|x86
		Release|Any CPU = Release|Any CPU
		Release|x64 = Release|x64
		Release|x86 = Release|x86
	EndGlobalSection
	GlobalSection(ProjectConfigurationPlatforms) = postSolution
		{BC161DF4-E9CE-4FAA-A637-540A77C39457}.Debug|Any CPU.ActiveCfg = Debug|Any CPU
		{BC161DF4-E9CE-4FAA-A637-540A77C39457}.Debug|Any CPU.Build.0 = Debug|Any CPU
		{BC161DF4-E9CE-4FAA-A637-540A77C39457}.Debug|x64.ActiveCfg = Debug|Any CPU
		{BC161DF4-E9CE-4FAA-A637-540A77C39457}.Debug|x64.Build.0 = Debug|Any CPU
		{BC161DF4-E9CE-4FAA-A637-540A77C39457}.Debug|x86.ActiveCfg = Debug|Any CPU
		{BC161DF4-E9CE-4FAA-A637-540A77C39457}.Debug|x86.Build.0 = Debug|Any CPU
		{BC161DF4-E9CE-4FAA-A637-540A77C39457}.Release|Any CPU.ActiveCfg = Release|Any CPU
		{BC161DF4-E9CE-4FAA-A637-540A77C39457}.Release|Any CPU.Build.0 = Release|Any CPU
		{BC161DF4-E9CE-4FAA-A637-540A77C39457}.Release|x64.ActiveCfg = Release|Any CPU
		{BC161DF4-E9CE-4FAA-A637-540A77C39457}.Release|x64.Build.0 = Release|Any CPU
		{BC161DF4-E9CE-4FAA-A637-540A77C39457}.Release|x86.ActiveCfg = Release|Any CPU
		{BC161DF4-E9CE-4FAA-A637-540A77C39457}.Release|x86.Build.0 = Release|Any CPU
		{8F6A0F83-BE50-4C78-94C2-C542A8BF56C4}.Debug|Any CPU.ActiveCfg = Debug|Any CPU
		{8F6A0F83-BE50-4C78-94C2-C542A8BF56C4}.Debug|Any CPU.Build.0 = Debug|Any CPU
		{8F6A0F83-BE50-4C78-94C2-C542A8BF56C4}.Debug|x64.ActiveCfg = Debug|Any CPU
		{8F6A0F83-BE50-4C78-94C2-C542A8BF56C4}.Debug|x64.Build.0 = Debug|Any CPU
		{8F6A0F83-BE50-4C78-94C2-C542A8BF56C4}.Debug|x86.ActiveCfg = Debug|Any CPU
		{8F6A0F83-BE50-4C78-94C2-C542A8BF56C4}.Debug|x86.Build.0 = Debug|Any CPU
		{8F6A0F83-BE50-4C78-94C2-C542A8BF56C4}.Release|Any CPU.ActiveCfg = Release|Any CPU
		{8F6A0F83-BE50-4C78-94C2-C542A8BF56C4}.Release|Any CPU.Build.0 = Release|Any CPU
		{8F6A0F83-BE50-4C78-94C2-C542A8BF56C4}.Release|x64.ActiveCfg = Release|Any CPU
		{8F6A0F83-BE50-4C78-94C2-C542A8BF56C4}.Release|x64.Build.0 = Release|Any CPU
		{8F6A0F83-BE50-4C78-94C2-C542A8BF56C4}.Release|x86.ActiveCfg = Release|Any CPU
		{8F6A0F83-BE50-4C78-94C2-C542A8BF56C4}.Release|x86.Build.0 = Release|Any CPU
		{B5EA4F69-0314-4671-953A-19329B50C9AF}.Debug|Any CPU.ActiveCfg = Debug|Any CPU
		{B5EA4F69-0314-4671-953A-19329B50C9AF}.Debug|Any CPU.Build.0 = Debug|Any CPU
		{B5EA4F69-0314-4671-953A-19329B50C9AF}.Debug|x64.ActiveCfg = Debug|Any CPU
		{B5EA4F69-0314-4671-953A-19329B50C9AF}.Debug|x64.Build.0 = Debug|Any CPU
		{B5EA4F69-0314-4671-953A-19329B50C9AF}.Debug|x86.ActiveCfg = Debug|Any CPU
		{B5EA4F69-0314-4671-953A-19329B50C9AF}.Debug|x86.Build.0 = Debug|Any CPU
		{B5EA4F69-0314-4671-953A-19329B50C9AF}.Release|Any CPU.ActiveCfg = Release|Any CPU
		{B5EA4F69-0314-4671-953A-19329B50C9AF}.Release|Any CPU.Build.0 = Release|Any CPU
		{B5EA4F69-0314-4671-953A-19329B50C9AF}.Release|x64.ActiveCfg = Release|Any CPU
		{B5EA4F69-0314-4671-953A-19329B50C9AF}.Release|x64.Build.0 = Release|Any CPU
		{B5EA4F69-0314-4671-953A-19329B50C9AF}.Release|x86.ActiveCfg = Release|Any CPU
		{B5EA4F69-0314-4671-953A-19329B50C9AF}.Release|x86.Build.0 = Release|Any CPU
		{4B5221D6-6D86-454E-9C94-722C881B53D9}.Debug|Any CPU.ActiveCfg = Debug|Any CPU
		{4B5221D6-6D86-454E-9C94-722C881B53D9}.Debug|Any CPU.Build.0 = Debug|Any CPU
		{4B5221D6-6D86-454E-9C94-722C881B53D9}.Debug|x64.ActiveCfg = Debug|Any CPU
		{4B5221D6-6D86-454E-9C94-722C881B53D9}.Debug|x64.Build.0 = Debug|Any CPU
		{4B5221D6-6D86-454E-9C94-722C881B53D9}.Debug|x86.ActiveCfg = Debug|Any CPU
		{4B5221D6-6D86-454E-9C94-722C881B53D9}.Debug|x86.Build.0 = Debug|Any CPU
		{4B5221D6-6D86-454E-9C94-722C881B53D9}.Release|Any CPU.ActiveCfg = Release|Any CPU
		{4B5221D6-6D86-454E-9C94-722C881B53D9}.Release|Any CPU.Build.0 = Release|Any CPU
		{4B5221D6-6D86-454E-9C94-722C881B53D9}.Release|x64.ActiveCfg = Release|Any CPU
		{4B5221D6-6D86-454E-9C94-722C881B53D9}.Release|x64.Build.0 = Release|Any CPU
		{4B5221D6-6D86-454E-9C94-722C881B53D9}.Release|x86.ActiveCfg = Release|Any CPU
		{4B5221D6-6D86-454E-9C94-722C881B53D9}.Release|x86.Build.0 = Release|Any CPU
	EndGlobalSection
	GlobalSection(SolutionProperties) = preSolution
		HideSolutionNode = FALSE
	EndGlobalSection
EndGlobal
